// !$*UTF8*$!
{
	archiveVersion = 1;
	classes = {
	};
	objectVersion = 46;
	objects = {

/* Begin PBXBuildFile section */
		03410AE51AB97DDA00BADC4A /* RegisterViewController.m in Sources */ = {isa = PBXBuildFile; fileRef = 03410AE41AB97DDA00BADC4A /* RegisterViewController.m */; };
		037A0CC51AB965CB0056F65E /* main.m in Sources */ = {isa = PBXBuildFile; fileRef = 037A0CC41AB965CB0056F65E /* main.m */; };
		037A0CC81AB965CB0056F65E /* AppDelegate.m in Sources */ = {isa = PBXBuildFile; fileRef = 037A0CC71AB965CB0056F65E /* AppDelegate.m */; };
		037A0CCB1AB965CB0056F65E /* LoginViewController.m in Sources */ = {isa = PBXBuildFile; fileRef = 037A0CCA1AB965CB0056F65E /* LoginViewController.m */; };
		037A0CCE1AB965CB0056F65E /* Main.storyboard in Resources */ = {isa = PBXBuildFile; fileRef = 037A0CCC1AB965CB0056F65E /* Main.storyboard */; };
		037A0CD01AB965CB0056F65E /* Images.xcassets in Resources */ = {isa = PBXBuildFile; fileRef = 037A0CCF1AB965CB0056F65E /* Images.xcassets */; };
		037A0CD31AB965CB0056F65E /* LaunchScreen.xib in Resources */ = {isa = PBXBuildFile; fileRef = 037A0CD11AB965CB0056F65E /* LaunchScreen.xib */; };
		037A0CDF1AB965CB0056F65E /* iWantToTests.m in Sources */ = {isa = PBXBuildFile; fileRef = 037A0CDE1AB965CB0056F65E /* iWantToTests.m */; };
		037B960F1AC0508900515377 /* SpeechListViewController.m in Sources */ = {isa = PBXBuildFile; fileRef = 037B960E1AC0508900515377 /* SpeechListViewController.m */; };
		037B96121AC2F42100515377 /* SpeechItemCell.m in Sources */ = {isa = PBXBuildFile; fileRef = 037B96111AC2F42100515377 /* SpeechItemCell.m */; };
		037B96161AC4248A00515377 /* SpeechViewController.m in Sources */ = {isa = PBXBuildFile; fileRef = 037B96151AC4248A00515377 /* SpeechViewController.m */; };
		03E9FBDA1AC4418A00A82776 /* diangezan.jpg in Resources */ = {isa = PBXBuildFile; fileRef = 03E9FBD91AC4418A00A82776 /* diangezan.jpg */; };
		03E9FBDE1AC57E9000A82776 /* CommentsViewController.m in Sources */ = {isa = PBXBuildFile; fileRef = 03E9FBDD1AC57E9000A82776 /* CommentsViewController.m */; };
		03E9FBFE1AC9494400A82776 /* NSData+MKBase64.m in Sources */ = {isa = PBXBuildFile; fileRef = 03E9FBEA1AC9494400A82776 /* NSData+MKBase64.m */; };
		03E9FBFF1AC9494400A82776 /* NSDate+RFC1123.m in Sources */ = {isa = PBXBuildFile; fileRef = 03E9FBEC1AC9494400A82776 /* NSDate+RFC1123.m */; };
		03E9FC001AC9494400A82776 /* NSDictionary+RequestEncoding.m in Sources */ = {isa = PBXBuildFile; fileRef = 03E9FBEE1AC9494400A82776 /* NSDictionary+RequestEncoding.m */; };
		03E9FC011AC9494400A82776 /* NSString+MKNetworkKitAdditions.m in Sources */ = {isa = PBXBuildFile; fileRef = 03E9FBF01AC9494400A82776 /* NSString+MKNetworkKitAdditions.m */; };
		03E9FC021AC9494400A82776 /* UIAlertView+MKNetworkKitAdditions.m in Sources */ = {isa = PBXBuildFile; fileRef = 03E9FBF21AC9494400A82776 /* UIAlertView+MKNetworkKitAdditions.m */; };
		03E9FC031AC9494400A82776 /* UIImageView+MKNetworkKitAdditions.m in Sources */ = {isa = PBXBuildFile; fileRef = 03E9FBF41AC9494400A82776 /* UIImageView+MKNetworkKitAdditions.m */; };
		03E9FC041AC9494400A82776 /* MKNetworkEngine.m in Sources */ = {isa = PBXBuildFile; fileRef = 03E9FBF61AC9494400A82776 /* MKNetworkEngine.m */; };
		03E9FC051AC9494400A82776 /* MKNetworkOperation.m in Sources */ = {isa = PBXBuildFile; fileRef = 03E9FBF91AC9494400A82776 /* MKNetworkOperation.m */; };
		03E9FC061AC9494400A82776 /* Reachability.m in Sources */ = {isa = PBXBuildFile; fileRef = 03E9FBFC1AC9494400A82776 /* Reachability.m */; };
		03E9FC101AC949D400A82776 /* CFNetwork.framework in Frameworks */ = {isa = PBXBuildFile; fileRef = 03E9FC0F1AC949D400A82776 /* CFNetwork.framework */; };
		03E9FC121AC949DB00A82776 /* SystemConfiguration.framework in Frameworks */ = {isa = PBXBuildFile; fileRef = 03E9FC111AC949DB00A82776 /* SystemConfiguration.framework */; };
		03E9FC141AC949E000A82776 /* Security.framework in Frameworks */ = {isa = PBXBuildFile; fileRef = 03E9FC131AC949E000A82776 /* Security.framework */; };
		03E9FC161AC949E600A82776 /* ImageIO.framework in Frameworks */ = {isa = PBXBuildFile; fileRef = 03E9FC151AC949E600A82776 /* ImageIO.framework */; };
		03E9FC1B1ACD2E9C00A82776 /* GlobalVariableManager.m in Sources */ = {isa = PBXBuildFile; fileRef = 03E9FC1A1ACD2E9C00A82776 /* GlobalVariableManager.m */; };
		03E9FC1F1ACD7C2D00A82776 /* HttpRequestUtility.m in Sources */ = {isa = PBXBuildFile; fileRef = 03E9FC1E1ACD7C2D00A82776 /* HttpRequestUtility.m */; };
/* End PBXBuildFile section */

/* Begin PBXContainerItemProxy section */
		037A0CD91AB965CB0056F65E /* PBXContainerItemProxy */ = {
			isa = PBXContainerItemProxy;
			containerPortal = 037A0CB71AB965CB0056F65E /* Project object */;
			proxyType = 1;
			remoteGlobalIDString = 037A0CBE1AB965CB0056F65E;
			remoteInfo = iWantTo;
		};
/* End PBXContainerItemProxy section */

/* Begin PBXFileReference section */
		03410AE31AB97DDA00BADC4A /* RegisterViewController.h */ = {isa = PBXFileReference; fileEncoding = 4; lastKnownFileType = sourcecode.c.h; path = RegisterViewController.h; sourceTree = "<group>"; };
		03410AE41AB97DDA00BADC4A /* RegisterViewController.m */ = {isa = PBXFileReference; fileEncoding = 4; lastKnownFileType = sourcecode.c.objc; path = RegisterViewController.m; sourceTree = "<group>"; };
		037A0CBF1AB965CB0056F65E /* iWantTo.app */ = {isa = PBXFileReference; explicitFileType = wrapper.application; includeInIndex = 0; path = iWantTo.app; sourceTree = BUILT_PRODUCTS_DIR; };
		037A0CC31AB965CB0056F65E /* Info.plist */ = {isa = PBXFileReference; lastKnownFileType = text.plist.xml; path = Info.plist; sourceTree = "<group>"; };
		037A0CC41AB965CB0056F65E /* main.m */ = {isa = PBXFileReference; lastKnownFileType = sourcecode.c.objc; path = main.m; sourceTree = "<group>"; };
		037A0CC61AB965CB0056F65E /* AppDelegate.h */ = {isa = PBXFileReference; lastKnownFileType = sourcecode.c.h; path = AppDelegate.h; sourceTree = "<group>"; };
		037A0CC71AB965CB0056F65E /* AppDelegate.m */ = {isa = PBXFileReference; lastKnownFileType = sourcecode.c.objc; path = AppDelegate.m; sourceTree = "<group>"; };
		037A0CC91AB965CB0056F65E /* LoginViewController.h */ = {isa = PBXFileReference; lastKnownFileType = sourcecode.c.h; path = LoginViewController.h; sourceTree = "<group>"; };
		037A0CCA1AB965CB0056F65E /* LoginViewController.m */ = {isa = PBXFileReference; lastKnownFileType = sourcecode.c.objc; path = LoginViewController.m; sourceTree = "<group>"; };
		037A0CCD1AB965CB0056F65E /* Base */ = {isa = PBXFileReference; lastKnownFileType = file.storyboard; name = Base; path = Base.lproj/Main.storyboard; sourceTree = "<group>"; };
		037A0CCF1AB965CB0056F65E /* Images.xcassets */ = {isa = PBXFileReference; lastKnownFileType = folder.assetcatalog; path = Images.xcassets; sourceTree = "<group>"; };
		037A0CD21AB965CB0056F65E /* Base */ = {isa = PBXFileReference; lastKnownFileType = file.xib; name = Base; path = Base.lproj/LaunchScreen.xib; sourceTree = "<group>"; };
		037A0CD81AB965CB0056F65E /* iWantToTests.xctest */ = {isa = PBXFileReference; explicitFileType = wrapper.cfbundle; includeInIndex = 0; path = iWantToTests.xctest; sourceTree = BUILT_PRODUCTS_DIR; };
		037A0CDD1AB965CB0056F65E /* Info.plist */ = {isa = PBXFileReference; lastKnownFileType = text.plist.xml; path = Info.plist; sourceTree = "<group>"; };
		037A0CDE1AB965CB0056F65E /* iWantToTests.m */ = {isa = PBXFileReference; lastKnownFileType = sourcecode.c.objc; path = iWantToTests.m; sourceTree = "<group>"; };
		037B960D1AC0508900515377 /* SpeechListViewController.h */ = {isa = PBXFileReference; fileEncoding = 4; lastKnownFileType = sourcecode.c.h; path = SpeechListViewController.h; sourceTree = "<group>"; };
		037B960E1AC0508900515377 /* SpeechListViewController.m */ = {isa = PBXFileReference; fileEncoding = 4; lastKnownFileType = sourcecode.c.objc; path = SpeechListViewController.m; sourceTree = "<group>"; };
		037B96101AC2F42100515377 /* SpeechItemCell.h */ = {isa = PBXFileReference; fileEncoding = 4; lastKnownFileType = sourcecode.c.h; path = SpeechItemCell.h; sourceTree = "<group>"; };
		037B96111AC2F42100515377 /* SpeechItemCell.m */ = {isa = PBXFileReference; fileEncoding = 4; lastKnownFileType = sourcecode.c.objc; path = SpeechItemCell.m; sourceTree = "<group>"; };
		037B96141AC4248A00515377 /* SpeechViewController.h */ = {isa = PBXFileReference; fileEncoding = 4; lastKnownFileType = sourcecode.c.h; path = SpeechViewController.h; sourceTree = "<group>"; };
		037B96151AC4248A00515377 /* SpeechViewController.m */ = {isa = PBXFileReference; fileEncoding = 4; lastKnownFileType = sourcecode.c.objc; path = SpeechViewController.m; sourceTree = "<group>"; };
		03E9FBD91AC4418A00A82776 /* diangezan.jpg */ = {isa = PBXFileReference; lastKnownFileType = image.jpeg; path = diangezan.jpg; sourceTree = "<group>"; };
		03E9FBDC1AC57E9000A82776 /* CommentsViewController.h */ = {isa = PBXFileReference; fileEncoding = 4; lastKnownFileType = sourcecode.c.h; path = CommentsViewController.h; sourceTree = "<group>"; };
		03E9FBDD1AC57E9000A82776 /* CommentsViewController.m */ = {isa = PBXFileReference; fileEncoding = 4; lastKnownFileType = sourcecode.c.objc; path = CommentsViewController.m; sourceTree = "<group>"; };
		03E9FBE91AC9494400A82776 /* NSData+MKBase64.h */ = {isa = PBXFileReference; fileEncoding = 4; lastKnownFileType = sourcecode.c.h; path = "NSData+MKBase64.h"; sourceTree = "<group>"; };
		03E9FBEA1AC9494400A82776 /* NSData+MKBase64.m */ = {isa = PBXFileReference; fileEncoding = 4; lastKnownFileType = sourcecode.c.objc; path = "NSData+MKBase64.m"; sourceTree = "<group>"; };
		03E9FBEB1AC9494400A82776 /* NSDate+RFC1123.h */ = {isa = PBXFileReference; fileEncoding = 4; lastKnownFileType = sourcecode.c.h; path = "NSDate+RFC1123.h"; sourceTree = "<group>"; };
		03E9FBEC1AC9494400A82776 /* NSDate+RFC1123.m */ = {isa = PBXFileReference; fileEncoding = 4; lastKnownFileType = sourcecode.c.objc; path = "NSDate+RFC1123.m"; sourceTree = "<group>"; };
		03E9FBED1AC9494400A82776 /* NSDictionary+RequestEncoding.h */ = {isa = PBXFileReference; fileEncoding = 4; lastKnownFileType = sourcecode.c.h; path = "NSDictionary+RequestEncoding.h"; sourceTree = "<group>"; };
		03E9FBEE1AC9494400A82776 /* NSDictionary+RequestEncoding.m */ = {isa = PBXFileReference; fileEncoding = 4; lastKnownFileType = sourcecode.c.objc; path = "NSDictionary+RequestEncoding.m"; sourceTree = "<group>"; };
		03E9FBEF1AC9494400A82776 /* NSString+MKNetworkKitAdditions.h */ = {isa = PBXFileReference; fileEncoding = 4; lastKnownFileType = sourcecode.c.h; path = "NSString+MKNetworkKitAdditions.h"; sourceTree = "<group>"; };
		03E9FBF01AC9494400A82776 /* NSString+MKNetworkKitAdditions.m */ = {isa = PBXFileReference; fileEncoding = 4; lastKnownFileType = sourcecode.c.objc; path = "NSString+MKNetworkKitAdditions.m"; sourceTree = "<group>"; };
		03E9FBF11AC9494400A82776 /* UIAlertView+MKNetworkKitAdditions.h */ = {isa = PBXFileReference; fileEncoding = 4; lastKnownFileType = sourcecode.c.h; path = "UIAlertView+MKNetworkKitAdditions.h"; sourceTree = "<group>"; };
		03E9FBF21AC9494400A82776 /* UIAlertView+MKNetworkKitAdditions.m */ = {isa = PBXFileReference; fileEncoding = 4; lastKnownFileType = sourcecode.c.objc; path = "UIAlertView+MKNetworkKitAdditions.m"; sourceTree = "<group>"; };
		03E9FBF31AC9494400A82776 /* UIImageView+MKNetworkKitAdditions.h */ = {isa = PBXFileReference; fileEncoding = 4; lastKnownFileType = sourcecode.c.h; path = "UIImageView+MKNetworkKitAdditions.h"; sourceTree = "<group>"; };
		03E9FBF41AC9494400A82776 /* UIImageView+MKNetworkKitAdditions.m */ = {isa = PBXFileReference; fileEncoding = 4; lastKnownFileType = sourcecode.c.objc; path = "UIImageView+MKNetworkKitAdditions.m"; sourceTree = "<group>"; };
		03E9FBF51AC9494400A82776 /* MKNetworkEngine.h */ = {isa = PBXFileReference; fileEncoding = 4; lastKnownFileType = sourcecode.c.h; path = MKNetworkEngine.h; sourceTree = "<group>"; };
		03E9FBF61AC9494400A82776 /* MKNetworkEngine.m */ = {isa = PBXFileReference; fileEncoding = 4; lastKnownFileType = sourcecode.c.objc; path = MKNetworkEngine.m; sourceTree = "<group>"; };
		03E9FBF71AC9494400A82776 /* MKNetworkKit.h */ = {isa = PBXFileReference; fileEncoding = 4; lastKnownFileType = sourcecode.c.h; path = MKNetworkKit.h; sourceTree = "<group>"; };
		03E9FBF81AC9494400A82776 /* MKNetworkOperation.h */ = {isa = PBXFileReference; fileEncoding = 4; lastKnownFileType = sourcecode.c.h; path = MKNetworkOperation.h; sourceTree = "<group>"; };
		03E9FBF91AC9494400A82776 /* MKNetworkOperation.m */ = {isa = PBXFileReference; fileEncoding = 4; lastKnownFileType = sourcecode.c.objc; path = MKNetworkOperation.m; sourceTree = "<group>"; };
		03E9FBFB1AC9494400A82776 /* Reachability.h */ = {isa = PBXFileReference; fileEncoding = 4; lastKnownFileType = sourcecode.c.h; path = Reachability.h; sourceTree = "<group>"; };
		03E9FBFC1AC9494400A82776 /* Reachability.m */ = {isa = PBXFileReference; fileEncoding = 4; lastKnownFileType = sourcecode.c.objc; path = Reachability.m; sourceTree = "<group>"; };
		03E9FC0F1AC949D400A82776 /* CFNetwork.framework */ = {isa = PBXFileReference; lastKnownFileType = wrapper.framework; name = CFNetwork.framework; path = System/Library/Frameworks/CFNetwork.framework; sourceTree = SDKROOT; };
		03E9FC111AC949DB00A82776 /* SystemConfiguration.framework */ = {isa = PBXFileReference; lastKnownFileType = wrapper.framework; name = SystemConfiguration.framework; path = System/Library/Frameworks/SystemConfiguration.framework; sourceTree = SDKROOT; };
		03E9FC131AC949E000A82776 /* Security.framework */ = {isa = PBXFileReference; lastKnownFileType = wrapper.framework; name = Security.framework; path = System/Library/Frameworks/Security.framework; sourceTree = SDKROOT; };
		03E9FC151AC949E600A82776 /* ImageIO.framework */ = {isa = PBXFileReference; lastKnownFileType = wrapper.framework; name = ImageIO.framework; path = System/Library/Frameworks/ImageIO.framework; sourceTree = SDKROOT; };
		03E9FC181AC94C0900A82776 /* PrefixHeader.pch */ = {isa = PBXFileReference; lastKnownFileType = sourcecode.c.h; path = PrefixHeader.pch; sourceTree = "<group>"; };
		03E9FC191ACD2E9C00A82776 /* GlobalVariableManager.h */ = {isa = PBXFileReference; fileEncoding = 4; lastKnownFileType = sourcecode.c.h; path = GlobalVariableManager.h; sourceTree = "<group>"; };
		03E9FC1A1ACD2E9C00A82776 /* GlobalVariableManager.m */ = {isa = PBXFileReference; fileEncoding = 4; lastKnownFileType = sourcecode.c.objc; path = GlobalVariableManager.m; sourceTree = "<group>"; };
		03E9FC1D1ACD7C2D00A82776 /* HttpRequestUtility.h */ = {isa = PBXFileReference; fileEncoding = 4; lastKnownFileType = sourcecode.c.h; path = HttpRequestUtility.h; sourceTree = "<group>"; };
		03E9FC1E1ACD7C2D00A82776 /* HttpRequestUtility.m */ = {isa = PBXFileReference; fileEncoding = 4; lastKnownFileType = sourcecode.c.objc; path = HttpRequestUtility.m; sourceTree = "<group>"; };
/* End PBXFileReference section */

/* Begin PBXFrameworksBuildPhase section */
		037A0CBC1AB965CB0056F65E /* Frameworks */ = {
			isa = PBXFrameworksBuildPhase;
			buildActionMask = 2147483647;
			files = (
				03E9FC161AC949E600A82776 /* ImageIO.framework in Frameworks */,
				03E9FC141AC949E000A82776 /* Security.framework in Frameworks */,
				03E9FC121AC949DB00A82776 /* SystemConfiguration.framework in Frameworks */,
				03E9FC101AC949D400A82776 /* CFNetwork.framework in Frameworks */,
			);
			runOnlyForDeploymentPostprocessing = 0;
		};
		037A0CD51AB965CB0056F65E /* Frameworks */ = {
			isa = PBXFrameworksBuildPhase;
			buildActionMask = 2147483647;
			files = (
			);
			runOnlyForDeploymentPostprocessing = 0;
		};
/* End PBXFrameworksBuildPhase section */

/* Begin PBXGroup section */
		037A0CB61AB965CB0056F65E = {
			isa = PBXGroup;
			children = (
				03E9FC171AC949EA00A82776 /* Libraries */,
				037A0CC11AB965CB0056F65E /* iWantTo */,
				037A0CDB1AB965CB0056F65E /* iWantToTests */,
				037A0CC01AB965CB0056F65E /* Products */,
			);
			sourceTree = "<group>";
		};
		037A0CC01AB965CB0056F65E /* Products */ = {
			isa = PBXGroup;
			children = (
				037A0CBF1AB965CB0056F65E /* iWantTo.app */,
				037A0CD81AB965CB0056F65E /* iWantToTests.xctest */,
			);
			name = Products;
			sourceTree = "<group>";
		};
		037A0CC11AB965CB0056F65E /* iWantTo */ = {
			isa = PBXGroup;
			children = (
				03E9FC1C1ACD7C1200A82776 /* Common */,
				03E9FBE01AC93C7500A82776 /* RegisterView */,
				03E9FBE11AC93C7E00A82776 /* LoginView */,
				03E9FBE21AC93C8700A82776 /* SpeechListView */,
				03E9FBE31AC93C9300A82776 /* SpeechView */,
				03E9FBE41AC93C9E00A82776 /* CommentsView */,
				037A0CCC1AB965CB0056F65E /* Main.storyboard */,
				037A0CD11AB965CB0056F65E /* LaunchScreen.xib */,
				037A0CCF1AB965CB0056F65E /* Images.xcassets */,
				037A0CC21AB965CB0056F65E /* Supporting Files */,
			);
			path = iWantTo;
			sourceTree = "<group>";
		};
		037A0CC21AB965CB0056F65E /* Supporting Files */ = {
			isa = PBXGroup;
			children = (
				03E9FBE51AC9494400A82776 /* MKNetworkKit */,
				037A0CC31AB965CB0056F65E /* Info.plist */,
				037A0CC41AB965CB0056F65E /* main.m */,
				03E9FC181AC94C0900A82776 /* PrefixHeader.pch */,
			);
			name = "Supporting Files";
			sourceTree = "<group>";
		};
		037A0CDB1AB965CB0056F65E /* iWantToTests */ = {
			isa = PBXGroup;
			children = (
				037A0CDE1AB965CB0056F65E /* iWantToTests.m */,
				037A0CDC1AB965CB0056F65E /* Supporting Files */,
			);
			path = iWantToTests;
			sourceTree = "<group>";
		};
		037A0CDC1AB965CB0056F65E /* Supporting Files */ = {
			isa = PBXGroup;
			children = (
				037A0CDD1AB965CB0056F65E /* Info.plist */,
			);
			name = "Supporting Files";
			sourceTree = "<group>";
		};
		037B96131AC2F42700515377 /* Component */ = {
			isa = PBXGroup;
			children = (
				037B96101AC2F42100515377 /* SpeechItemCell.h */,
				037B96111AC2F42100515377 /* SpeechItemCell.m */,
			);
			name = Component;
			sourceTree = "<group>";
		};
		03E9FBDB1AC4419100A82776 /* Images */ = {
			isa = PBXGroup;
			children = (
				03E9FBD91AC4418A00A82776 /* diangezan.jpg */,
			);
			name = Images;
			sourceTree = "<group>";
		};
		03E9FBE01AC93C7500A82776 /* RegisterView */ = {
			isa = PBXGroup;
			children = (
				03410AE31AB97DDA00BADC4A /* RegisterViewController.h */,
				03410AE41AB97DDA00BADC4A /* RegisterViewController.m */,
			);
			name = RegisterView;
			sourceTree = "<group>";
		};
		03E9FBE11AC93C7E00A82776 /* LoginView */ = {
			isa = PBXGroup;
			children = (
				037A0CC91AB965CB0056F65E /* LoginViewController.h */,
				037A0CCA1AB965CB0056F65E /* LoginViewController.m */,
			);
			name = LoginView;
			sourceTree = "<group>";
		};
		03E9FBE21AC93C8700A82776 /* SpeechListView */ = {
			isa = PBXGroup;
			children = (
				037B96131AC2F42700515377 /* Component */,
				037B960D1AC0508900515377 /* SpeechListViewController.h */,
				037B960E1AC0508900515377 /* SpeechListViewController.m */,
			);
			name = SpeechListView;
			sourceTree = "<group>";
		};
		03E9FBE31AC93C9300A82776 /* SpeechView */ = {
			isa = PBXGroup;
			children = (
				03E9FBDB1AC4419100A82776 /* Images */,
				037B96141AC4248A00515377 /* SpeechViewController.h */,
				037B96151AC4248A00515377 /* SpeechViewController.m */,
			);
			name = SpeechView;
			sourceTree = "<group>";
		};
		03E9FBE41AC93C9E00A82776 /* CommentsView */ = {
			isa = PBXGroup;
			children = (
				03E9FBDC1AC57E9000A82776 /* CommentsViewController.h */,
				03E9FBDD1AC57E9000A82776 /* CommentsViewController.m */,
			);
			name = CommentsView;
			sourceTree = "<group>";
		};
		03E9FBE51AC9494400A82776 /* MKNetworkKit */ = {
			isa = PBXGroup;
			children = (
				03E9FBE61AC9494400A82776 /* Categories */,
				03E9FBF51AC9494400A82776 /* MKNetworkEngine.h */,
				03E9FBF61AC9494400A82776 /* MKNetworkEngine.m */,
				03E9FBF71AC9494400A82776 /* MKNetworkKit.h */,
				03E9FBF81AC9494400A82776 /* MKNetworkOperation.h */,
				03E9FBF91AC9494400A82776 /* MKNetworkOperation.m */,
				03E9FBFA1AC9494400A82776 /* Reachability */,
			);
			path = MKNetworkKit;
			sourceTree = "<group>";
		};
		03E9FBE61AC9494400A82776 /* Categories */ = {
			isa = PBXGroup;
			children = (
				03E9FBE91AC9494400A82776 /* NSData+MKBase64.h */,
				03E9FBEA1AC9494400A82776 /* NSData+MKBase64.m */,
				03E9FBEB1AC9494400A82776 /* NSDate+RFC1123.h */,
				03E9FBEC1AC9494400A82776 /* NSDate+RFC1123.m */,
				03E9FBED1AC9494400A82776 /* NSDictionary+RequestEncoding.h */,
				03E9FBEE1AC9494400A82776 /* NSDictionary+RequestEncoding.m */,
				03E9FBEF1AC9494400A82776 /* NSString+MKNetworkKitAdditions.h */,
				03E9FBF01AC9494400A82776 /* NSString+MKNetworkKitAdditions.m */,
				03E9FBF11AC9494400A82776 /* UIAlertView+MKNetworkKitAdditions.h */,
				03E9FBF21AC9494400A82776 /* UIAlertView+MKNetworkKitAdditions.m */,
				03E9FBF31AC9494400A82776 /* UIImageView+MKNetworkKitAdditions.h */,
				03E9FBF41AC9494400A82776 /* UIImageView+MKNetworkKitAdditions.m */,
			);
			path = Categories;
			sourceTree = "<group>";
		};
		03E9FBFA1AC9494400A82776 /* Reachability */ = {
			isa = PBXGroup;
			children = (
				03E9FBFB1AC9494400A82776 /* Reachability.h */,
				03E9FBFC1AC9494400A82776 /* Reachability.m */,
			);
			path = Reachability;
			sourceTree = "<group>";
		};
		03E9FC171AC949EA00A82776 /* Libraries */ = {
			isa = PBXGroup;
			children = (
				03E9FC151AC949E600A82776 /* ImageIO.framework */,
				03E9FC131AC949E000A82776 /* Security.framework */,
				03E9FC111AC949DB00A82776 /* SystemConfiguration.framework */,
				03E9FC0F1AC949D400A82776 /* CFNetwork.framework */,
			);
			name = Libraries;
			sourceTree = "<group>";
		};
		03E9FC1C1ACD7C1200A82776 /* Common */ = {
			isa = PBXGroup;
			children = (
				037A0CC61AB965CB0056F65E /* AppDelegate.h */,
				037A0CC71AB965CB0056F65E /* AppDelegate.m */,
				03E9FC191ACD2E9C00A82776 /* GlobalVariableManager.h */,
				03E9FC1A1ACD2E9C00A82776 /* GlobalVariableManager.m */,
				03E9FC1D1ACD7C2D00A82776 /* HttpRequestUtility.h */,
				03E9FC1E1ACD7C2D00A82776 /* HttpRequestUtility.m */,
			);
			name = Common;
			sourceTree = "<group>";
		};
/* End PBXGroup section */

/* Begin PBXNativeTarget section */
		037A0CBE1AB965CB0056F65E /* iWantTo */ = {
			isa = PBXNativeTarget;
			buildConfigurationList = 037A0CE21AB965CB0056F65E /* Build configuration list for PBXNativeTarget "iWantTo" */;
			buildPhases = (
				037A0CBB1AB965CB0056F65E /* Sources */,
				037A0CBC1AB965CB0056F65E /* Frameworks */,
				037A0CBD1AB965CB0056F65E /* Resources */,
			);
			buildRules = (
			);
			dependencies = (
			);
			name = iWantTo;
			productName = iWantTo;
			productReference = 037A0CBF1AB965CB0056F65E /* iWantTo.app */;
			productType = "com.apple.product-type.application";
		};
		037A0CD71AB965CB0056F65E /* iWantToTests */ = {
			isa = PBXNativeTarget;
			buildConfigurationList = 037A0CE51AB965CB0056F65E /* Build configuration list for PBXNativeTarget "iWantToTests" */;
			buildPhases = (
				037A0CD41AB965CB0056F65E /* Sources */,
				037A0CD51AB965CB0056F65E /* Frameworks */,
				037A0CD61AB965CB0056F65E /* Resources */,
			);
			buildRules = (
			);
			dependencies = (
				037A0CDA1AB965CB0056F65E /* PBXTargetDependency */,
			);
			name = iWantToTests;
			productName = iWantToTests;
			productReference = 037A0CD81AB965CB0056F65E /* iWantToTests.xctest */;
			productType = "com.apple.product-type.bundle.unit-test";
		};
/* End PBXNativeTarget section */

/* Begin PBXProject section */
		037A0CB71AB965CB0056F65E /* Project object */ = {
			isa = PBXProject;
			attributes = {
				LastUpgradeCheck = 0620;
				ORGANIZATIONNAME = Josh;
				TargetAttributes = {
					037A0CBE1AB965CB0056F65E = {
						CreatedOnToolsVersion = 6.2;
					};
					037A0CD71AB965CB0056F65E = {
						CreatedOnToolsVersion = 6.2;
						TestTargetID = 037A0CBE1AB965CB0056F65E;
					};
				};
			};
			buildConfigurationList = 037A0CBA1AB965CB0056F65E /* Build configuration list for PBXProject "iWantTo" */;
			compatibilityVersion = "Xcode 3.2";
			developmentRegion = English;
			hasScannedForEncodings = 0;
			knownRegions = (
				en,
				Base,
			);
			mainGroup = 037A0CB61AB965CB0056F65E;
			productRefGroup = 037A0CC01AB965CB0056F65E /* Products */;
			projectDirPath = "";
			projectRoot = "";
			targets = (
				037A0CBE1AB965CB0056F65E /* iWantTo */,
				037A0CD71AB965CB0056F65E /* iWantToTests */,
			);
		};
/* End PBXProject section */

/* Begin PBXResourcesBuildPhase section */
		037A0CBD1AB965CB0056F65E /* Resources */ = {
			isa = PBXResourcesBuildPhase;
			buildActionMask = 2147483647;
			files = (
				037A0CCE1AB965CB0056F65E /* Main.storyboard in Resources */,
				03E9FBDA1AC4418A00A82776 /* diangezan.jpg in Resources */,
				037A0CD31AB965CB0056F65E /* LaunchScreen.xib in Resources */,
				037A0CD01AB965CB0056F65E /* Images.xcassets in Resources */,
			);
			runOnlyForDeploymentPostprocessing = 0;
		};
		037A0CD61AB965CB0056F65E /* Resources */ = {
			isa = PBXResourcesBuildPhase;
			buildActionMask = 2147483647;
			files = (
			);
			runOnlyForDeploymentPostprocessing = 0;
		};
/* End PBXResourcesBuildPhase section */

/* Begin PBXSourcesBuildPhase section */
		037A0CBB1AB965CB0056F65E /* Sources */ = {
			isa = PBXSourcesBuildPhase;
			buildActionMask = 2147483647;
			files = (
				03E9FBDE1AC57E9000A82776 /* CommentsViewController.m in Sources */,
				03E9FC1F1ACD7C2D00A82776 /* HttpRequestUtility.m in Sources */,
				037A0CCB1AB965CB0056F65E /* LoginViewController.m in Sources */,
				03E9FC1B1ACD2E9C00A82776 /* GlobalVariableManager.m in Sources */,
				037A0CC81AB965CB0056F65E /* AppDelegate.m in Sources */,
				03E9FC041AC9494400A82776 /* MKNetworkEngine.m in Sources */,
				037B96161AC4248A00515377 /* SpeechViewController.m in Sources */,
				03E9FC051AC9494400A82776 /* MKNetworkOperation.m in Sources */,
				037B96121AC2F42100515377 /* SpeechItemCell.m in Sources */,
				03E9FBFF1AC9494400A82776 /* NSDate+RFC1123.m in Sources */,
				03E9FC001AC9494400A82776 /* NSDictionary+RequestEncoding.m in Sources */,
				037A0CC51AB965CB0056F65E /* main.m in Sources */,
				03E9FBFE1AC9494400A82776 /* NSData+MKBase64.m in Sources */,
				03410AE51AB97DDA00BADC4A /* RegisterViewController.m in Sources */,
				03E9FC031AC9494400A82776 /* UIImageView+MKNetworkKitAdditions.m in Sources */,
				037B960F1AC0508900515377 /* SpeechListViewController.m in Sources */,
				03E9FC011AC9494400A82776 /* NSString+MKNetworkKitAdditions.m in Sources */,
				03E9FC061AC9494400A82776 /* Reachability.m in Sources */,
				03E9FC021AC9494400A82776 /* UIAlertView+MKNetworkKitAdditions.m in Sources */,
			);
			runOnlyForDeploymentPostprocessing = 0;
		};
		037A0CD41AB965CB0056F65E /* Sources */ = {
			isa = PBXSourcesBuildPhase;
			buildActionMask = 2147483647;
			files = (
				037A0CDF1AB965CB0056F65E /* iWantToTests.m in Sources */,
			);
			runOnlyForDeploymentPostprocessing = 0;
		};
/* End PBXSourcesBuildPhase section */

/* Begin PBXTargetDependency section */
		037A0CDA1AB965CB0056F65E /* PBXTargetDependency */ = {
			isa = PBXTargetDependency;
			target = 037A0CBE1AB965CB0056F65E /* iWantTo */;
			targetProxy = 037A0CD91AB965CB0056F65E /* PBXContainerItemProxy */;
		};
/* End PBXTargetDependency section */

/* Begin PBXVariantGroup section */
		037A0CCC1AB965CB0056F65E /* Main.storyboard */ = {
			isa = PBXVariantGroup;
			children = (
				037A0CCD1AB965CB0056F65E /* Base */,
			);
			name = Main.storyboard;
			sourceTree = "<group>";
		};
		037A0CD11AB965CB0056F65E /* LaunchScreen.xib */ = {
			isa = PBXVariantGroup;
			children = (
				037A0CD21AB965CB0056F65E /* Base */,
			);
			name = LaunchScreen.xib;
			sourceTree = "<group>";
		};
/* End PBXVariantGroup section */

/* Begin XCBuildConfiguration section */
		037A0CE01AB965CB0056F65E /* Debug */ = {
			isa = XCBuildConfiguration;
			buildSettings = {
				ALWAYS_SEARCH_USER_PATHS = NO;
				CLANG_CXX_LANGUAGE_STANDARD = "gnu++0x";
				CLANG_CXX_LIBRARY = "libc++";
				CLANG_ENABLE_MODULES = YES;
				CLANG_ENABLE_OBJC_ARC = YES;
				CLANG_WARN_BOOL_CONVERSION = YES;
				CLANG_WARN_CONSTANT_CONVERSION = YES;
				CLANG_WARN_DIRECT_OBJC_ISA_USAGE = YES_ERROR;
				CLANG_WARN_EMPTY_BODY = YES;
				CLANG_WARN_ENUM_CONVERSION = YES;
				CLANG_WARN_INT_CONVERSION = YES;
				CLANG_WARN_OBJC_ROOT_CLASS = YES_ERROR;
				CLANG_WARN_UNREACHABLE_CODE = YES;
				CLANG_WARN__DUPLICATE_METHOD_MATCH = YES;
				"CODE_SIGN_IDENTITY[sdk=iphoneos*]" = "iPhone Developer";
				COPY_PHASE_STRIP = NO;
				ENABLE_STRICT_OBJC_MSGSEND = YES;
				GCC_C_LANGUAGE_STANDARD = gnu99;
				GCC_DYNAMIC_NO_PIC = NO;
				GCC_OPTIMIZATION_LEVEL = 0;
				GCC_PREPROCESSOR_DEFINITIONS = (
					"DEBUG=1",
					"$(inherited)",
				);
				GCC_SYMBOLS_PRIVATE_EXTERN = NO;
				GCC_WARN_64_TO_32_BIT_CONVERSION = YES;
				GCC_WARN_ABOUT_RETURN_TYPE = YES_ERROR;
				GCC_WARN_UNDECLARED_SELECTOR = YES;
				GCC_WARN_UNINITIALIZED_AUTOS = YES_AGGRESSIVE;
				GCC_WARN_UNUSED_FUNCTION = YES;
				GCC_WARN_UNUSED_VARIABLE = YES;
				IPHONEOS_DEPLOYMENT_TARGET = 8.2;
				MTL_ENABLE_DEBUG_INFO = YES;
				ONLY_ACTIVE_ARCH = YES;
				SDKROOT = iphoneos;
			};
			name = Debug;
		};
		037A0CE11AB965CB0056F65E /* Release */ = {
			isa = XCBuildConfiguration;
			buildSettings = {
				ALWAYS_SEARCH_USER_PATHS = NO;
				CLANG_CXX_LANGUAGE_STANDARD = "gnu++0x";
				CLANG_CXX_LIBRARY = "libc++";
				CLANG_ENABLE_MODULES = YES;
				CLANG_ENABLE_OBJC_ARC = YES;
				CLANG_WARN_BOOL_CONVERSION = YES;
				CLANG_WARN_CONSTANT_CONVERSION = YES;
				CLANG_WARN_DIRECT_OBJC_ISA_USAGE = YES_ERROR;
				CLANG_WARN_EMPTY_BODY = YES;
				CLANG_WARN_ENUM_CONVERSION = YES;
				CLANG_WARN_INT_CONVERSION = YES;
				CLANG_WARN_OBJC_ROOT_CLASS = YES_ERROR;
				CLANG_WARN_UNREACHABLE_CODE = YES;
				CLANG_WARN__DUPLICATE_METHOD_MATCH = YES;
				"CODE_SIGN_IDENTITY[sdk=iphoneos*]" = "iPhone Developer";
				COPY_PHASE_STRIP = NO;
				ENABLE_NS_ASSERTIONS = NO;
				ENABLE_STRICT_OBJC_MSGSEND = YES;
				GCC_C_LANGUAGE_STANDARD = gnu99;
				GCC_WARN_64_TO_32_BIT_CONVERSION = YES;
				GCC_WARN_ABOUT_RETURN_TYPE = YES_ERROR;
				GCC_WARN_UNDECLARED_SELECTOR = YES;
				GCC_WARN_UNINITIALIZED_AUTOS = YES_AGGRESSIVE;
				GCC_WARN_UNUSED_FUNCTION = YES;
				GCC_WARN_UNUSED_VARIABLE = YES;
				IPHONEOS_DEPLOYMENT_TARGET = 8.2;
				MTL_ENABLE_DEBUG_INFO = NO;
				SDKROOT = iphoneos;
				VALIDATE_PRODUCT = YES;
			};
			name = Release;
		};
		037A0CE31AB965CB0056F65E /* Debug */ = {
			isa = XCBuildConfiguration;
			buildSettings = {
				ASSETCATALOG_COMPILER_APPICON_NAME = AppIcon;
				"CODE_SIGN_IDENTITY[sdk=iphoneos*]" = "iPhone Developer: Chao Liu (47F5WRP52Z)";
				GCC_PRECOMPILE_PREFIX_HEADER = NO;
				GCC_PREFIX_HEADER = iWantTo/PrefixHeader.pch;
				INFOPLIST_FILE = iWantTo/Info.plist;
				IPHONEOS_DEPLOYMENT_TARGET = 8.0;
				LD_RUNPATH_SEARCH_PATHS = "$(inherited) @executable_path/Frameworks";
				PRODUCT_NAME = "$(TARGET_NAME)";
				PROVISIONING_PROFILE = "2071cd71-9925-4ea9-83c7-d21f6632865c";
			};
			name = Debug;
		};
		037A0CE41AB965CB0056F65E /* Release */ = {
			isa = XCBuildConfiguration;
			buildSettings = {
				ASSETCATALOG_COMPILER_APPICON_NAME = AppIcon;
				GCC_PRECOMPILE_PREFIX_HEADER = NO;
				GCC_PREFIX_HEADER = iWantTo/PrefixHeader.pch;
				INFOPLIST_FILE = iWantTo/Info.plist;
				IPHONEOS_DEPLOYMENT_TARGET = 8.0;
				LD_RUNPATH_SEARCH_PATHS = "$(inherited) @executable_path/Frameworks";
				PRODUCT_NAME = "$(TARGET_NAME)";
				PROVISIONING_PROFILE = "2071cd71-9925-4ea9-83c7-d21f6632865c";
			};
			name = Release;
		};
		037A0CE61AB965CB0056F65E /* Debug */ = {
			isa = XCBuildConfiguration;
			buildSettings = {
				BUNDLE_LOADER = "$(TEST_HOST)";
				FRAMEWORK_SEARCH_PATHS = (
					"$(SDKROOT)/Developer/Library/Frameworks",
					"$(inherited)",
				);
				GCC_PREPROCESSOR_DEFINITIONS = (
					"DEBUG=1",
					"$(inherited)",
				);
				INFOPLIST_FILE = iWantToTests/Info.plist;
				LD_RUNPATH_SEARCH_PATHS = "$(inherited) @executable_path/Frameworks @loader_path/Frameworks";
				PRODUCT_NAME = "$(TARGET_NAME)";
				TEST_HOST = "$(BUILT_PRODUCTS_DIR)/iWantTo.app/iWantTo";
			};
			name = Debug;
		};
		037A0CE71AB965CB0056F65E /* Release */ = {
			isa = XCBuildConfiguration;
			buildSettings = {
				BUNDLE_LOADER = "$(TEST_HOST)";
				FRAMEWORK_SEARCH_PATHS = (
					"$(SDKROOT)/Developer/Library/Frameworks",
					"$(inherited)",
				);
				INFOPLIST_FILE = iWantToTests/Info.plist;
				LD_RUNPATH_SEARCH_PATHS = "$(inherited) @executable_path/Frameworks @loader_path/Frameworks";
				PRODUCT_NAME = "$(TARGET_NAME)";
				TEST_HOST = "$(BUILT_PRODUCTS_DIR)/iWantTo.app/iWantTo";
			};
			name = Release;
		};
/* End XCBuildConfiguration section */

/* Begin XCConfigurationList section */
		037A0CBA1AB965CB0056F65E /* Build configuration list for PBXProject "iWantTo" */ = {
			isa = XCConfigurationList;
			buildConfigurations = (
				037A0CE01AB965CB0056F65E /* Debug */,
				037A0CE11AB965CB0056F65E /* Release */,
			);
			defaultConfigurationIsVisible = 0;
			defaultConfigurationName = Release;
		};
		037A0CE21AB965CB0056F65E /* Build configuration list for PBXNativeTarget "iWantTo" */ = {
			isa = XCConfigurationList;
			buildConfigurations = (
				037A0CE31AB965CB0056F65E /* Debug */,
				037A0CE41AB965CB0056F65E /* Release */,
			);
			defaultConfigurationIsVisible = 0;
			defaultConfigurationName = Release;
		};
		037A0CE51AB965CB0056F65E /* Build configuration list for PBXNativeTarget "iWantToTests" */ = {
			isa = XCConfigurationList;
			buildConfigurations = (
				037A0CE61AB965CB0056F65E /* Debug */,
				037A0CE71AB965CB0056F65E /* Release */,
			);
			defaultConfigurationIsVisible = 0;
			defaultConfigurationName = Release;
		};
/* End XCConfigurationList section */
	};
	rootObject = 037A0CB71AB965CB0056F65E /* Project object */;
}
