// !$*UTF8*$!
{
	archiveVersion = 1;
	classes = {
	};
	objectVersion = 46;
	objects = {

/* Begin PBXBuildFile section */
		03410AE51AB97DDA00BADC4A /* RegisterViewController.m in Sources */ = {isa = PBXBuildFile; fileRef = 03410AE41AB97DDA00BADC4A /* RegisterViewController.m */; };
		037A0CC51AB965CB0056F65E /* main.m in Sources */ = {isa = PBXBuildFile; fileRef = 037A0CC41AB965CB0056F65E /* main.m */; };
		037A0CC81AB965CB0056F65E /* AppDelegate.m in Sources */ = {isa = PBXBuildFile; fileRef = 037A0CC71AB965CB0056F65E /* AppDelegate.m */; };
		037A0CCB1AB965CB0056F65E /* LoginViewController.m in Sources */ = {isa = PBXBuildFile; fileRef = 037A0CCA1AB965CB0056F65E /* LoginViewController.m */; };
		037A0CCE1AB965CB0056F65E /* Main.storyboard in Resources */ = {isa = PBXBuildFile; fileRef = 037A0CCC1AB965CB0056F65E /* Main.storyboard */; };
		037A0CD01AB965CB0056F65E /* Images.xcassets in Resources */ = {isa = PBXBuildFile; fileRef = 037A0CCF1AB965CB0056F65E /* Images.xcassets */; };
		037A0CD31AB965CB0056F65E /* LaunchScreen.xib in Resources */ = {isa = PBXBuildFile; fileRef = 037A0CD11AB965CB0056F65E /* LaunchScreen.xib */; };
		037A0CDF1AB965CB0056F65E /* iWantToTests.m in Sources */ = {isa = PBXBuildFile; fileRef = 037A0CDE1AB965CB0056F65E /* iWantToTests.m */; };
/* End PBXBuildFile section */

/* Begin PBXContainerItemProxy section */
		037A0CD91AB965CB0056F65E /* PBXContainerItemProxy */ = {
			isa = PBXContainerItemProxy;
			containerPortal = 037A0CB71AB965CB0056F65E /* Project object */;
			proxyType = 1;
			remoteGlobalIDString = 037A0CBE1AB965CB0056F65E;
			remoteInfo = iWantTo;
		};
/* End PBXContainerItemProxy section */

/* Begin PBXFileReference section */
		03410AE31AB97DDA00BADC4A /* RegisterViewController.h */ = {isa = PBXFileReference; fileEncoding = 4; lastKnownFileType = sourcecode.c.h; path = RegisterViewController.h; sourceTree = "<group>"; };
		03410AE41AB97DDA00BADC4A /* RegisterViewController.m */ = {isa = PBXFileReference; fileEncoding = 4; lastKnownFileType = sourcecode.c.objc; path = RegisterViewController.m; sourceTree = "<group>"; };
		037A0CBF1AB965CB0056F65E /* iWantTo.app */ = {isa = PBXFileReference; explicitFileType = wrapper.application; includeInIndex = 0; path = iWantTo.app; sourceTree = BUILT_PRODUCTS_DIR; };
		037A0CC31AB965CB0056F65E /* Info.plist */ = {isa = PBXFileReference; lastKnownFileType = text.plist.xml; path = Info.plist; sourceTree = "<group>"; };
		037A0CC41AB965CB0056F65E /* main.m */ = {isa = PBXFileReference; lastKnownFileType = sourcecode.c.objc; path = main.m; sourceTree = "<group>"; };
		037A0CC61AB965CB0056F65E /* AppDelegate.h */ = {isa = PBXFileReference; lastKnownFileType = sourcecode.c.h; path = AppDelegate.h; sourceTree = "<group>"; };
		037A0CC71AB965CB0056F65E /* AppDelegate.m */ = {isa = PBXFileReference; lastKnownFileType = sourcecode.c.objc; path = AppDelegate.m; sourceTree = "<group>"; };
		037A0CC91AB965CB0056F65E /* LoginViewController.h */ = {isa = PBXFileReference; lastKnownFileType = sourcecode.c.h; path = LoginViewController.h; sourceTree = "<group>"; };
		037A0CCA1AB965CB0056F65E /* LoginViewController.m */ = {isa = PBXFileReference; lastKnownFileType = sourcecode.c.objc; path = LoginViewController.m; sourceTree = "<group>"; };
		037A0CCD1AB965CB0056F65E /* Base */ = {isa = PBXFileReference; lastKnownFileType = file.storyboard; name = Base; path = Base.lproj/Main.storyboard; sourceTree = "<group>"; };
		037A0CCF1AB965CB0056F65E /* Images.xcassets */ = {isa = PBXFileReference; lastKnownFileType = folder.assetcatalog; path = Images.xcassets; sourceTree = "<group>"; };
		037A0CD21AB965CB0056F65E /* Base */ = {isa = PBXFileReference; lastKnownFileType = file.xib; name = Base; path = Base.lproj/LaunchScreen.xib; sourceTree = "<group>"; };
		037A0CD81AB965CB0056F65E /* iWantToTests.xctest */ = {isa = PBXFileReference; explicitFileType = wrapper.cfbundle; includeInIndex = 0; path = iWantToTests.xctest; sourceTree = BUILT_PRODUCTS_DIR; };
		037A0CDD1AB965CB0056F65E /* Info.plist */ = {isa = PBXFileReference; lastKnownFileType = text.plist.xml; path = Info.plist; sourceTree = "<group>"; };
		037A0CDE1AB965CB0056F65E /* iWantToTests.m */ = {isa = PBXFileReference; lastKnownFileType = sourcecode.c.objc; path = iWantToTests.m; sourceTree = "<group>"; };
/* End PBXFileReference section */

/* Begin PBXFrameworksBuildPhase section */
		037A0CBC1AB965CB0056F65E /* Frameworks */ = {
			isa = PBXFrameworksBuildPhase;
			buildActionMask = 2147483647;
			files = (
			);
			runOnlyForDeploymentPostprocessing = 0;
		};
		037A0CD51AB965CB0056F65E /* Frameworks */ = {
			isa = PBXFrameworksBuildPhase;
			buildActionMask = 2147483647;
			files = (
			);
			runOnlyForDeploymentPostprocessing = 0;
		};
/* End PBXFrameworksBuildPhase section */

/* Begin PBXGroup section */
		037A0CB61AB965CB0056F65E = {
			isa = PBXGroup;
			children = (
				037A0CC11AB965CB0056F65E /* iWantTo */,
				037A0CDB1AB965CB0056F65E /* iWantToTests */,
				037A0CC01AB965CB0056F65E /* Products */,
			);
			sourceTree = "<group>";
		};
		037A0CC01AB965CB0056F65E /* Products */ = {
			isa = PBXGroup;
			children = (
				037A0CBF1AB965CB0056F65E /* iWantTo.app */,
				037A0CD81AB965CB0056F65E /* iWantToTests.xctest */,
			);
			name = Products;
			sourceTree = "<group>";
		};
		037A0CC11AB965CB0056F65E /* iWantTo */ = {
			isa = PBXGroup;
			children = (
				037A0CC61AB965CB0056F65E /* AppDelegate.h */,
				037A0CC71AB965CB0056F65E /* AppDelegate.m */,
				03410AE31AB97DDA00BADC4A /* RegisterViewController.h */,
				03410AE41AB97DDA00BADC4A /* RegisterViewController.m */,
				037A0CC91AB965CB0056F65E /* LoginViewController.h */,
				037A0CCA1AB965CB0056F65E /* LoginViewController.m */,
				037A0CCC1AB965CB0056F65E /* Main.storyboard */,
				037A0CCF1AB965CB0056F65E /* Images.xcassets */,
				037A0CD11AB965CB0056F65E /* LaunchScreen.xib */,
				037A0CC21AB965CB0056F65E /* Supporting Files */,
			);
			path = iWantTo;
			sourceTree = "<group>";
		};
		037A0CC21AB965CB0056F65E /* Supporting Files */ = {
			isa = PBXGroup;
			children = (
				037A0CC31AB965CB0056F65E /* Info.plist */,
				037A0CC41AB965CB0056F65E /* main.m */,
			);
			name = "Supporting Files";
			sourceTree = "<group>";
		};
		037A0CDB1AB965CB0056F65E /* iWantToTests */ = {
			isa = PBXGroup;
			children = (
				037A0CDE1AB965CB0056F65E /* iWantToTests.m */,
				037A0CDC1AB965CB0056F65E /* Supporting Files */,
			);
			path = iWantToTests;
			sourceTree = "<group>";
		};
		037A0CDC1AB965CB0056F65E /* Supporting Files */ = {
			isa = PBXGroup;
			children = (
				037A0CDD1AB965CB0056F65E /* Info.plist */,
			);
			name = "Supporting Files";
			sourceTree = "<group>";
		};
/* End PBXGroup section */

/* Begin PBXNativeTarget section */
		037A0CBE1AB965CB0056F65E /* iWantTo */ = {
			isa = PBXNativeTarget;
			buildConfigurationList = 037A0CE21AB965CB0056F65E /* Build configuration list for PBXNativeTarget "iWantTo" */;
			buildPhases = (
				037A0CBB1AB965CB0056F65E /* Sources */,
				037A0CBC1AB965CB0056F65E /* Frameworks */,
				037A0CBD1AB965CB0056F65E /* Resources */,
			);
			buildRules = (
			);
			dependencies = (
			);
			name = iWantTo;
			productName = iWantTo;
			productReference = 037A0CBF1AB965CB0056F65E /* iWantTo.app */;
			productType = "com.apple.product-type.application";
		};
		037A0CD71AB965CB0056F65E /* iWantToTests */ = {
			isa = PBXNativeTarget;
			buildConfigurationList = 037A0CE51AB965CB0056F65E /* Build configuration list for PBXNativeTarget "iWantToTests" */;
			buildPhases = (
				037A0CD41AB965CB0056F65E /* Sources */,
				037A0CD51AB965CB0056F65E /* Frameworks */,
				037A0CD61AB965CB0056F65E /* Resources */,
			);
			buildRules = (
			);
			dependencies = (
				037A0CDA1AB965CB0056F65E /* PBXTargetDependency */,
			);
			name = iWantToTests;
			productName = iWantToTests;
			productReference = 037A0CD81AB965CB0056F65E /* iWantToTests.xctest */;
			productType = "com.apple.product-type.bundle.unit-test";
		};
/* End PBXNativeTarget section */

/* Begin PBXProject section */
		037A0CB71AB965CB0056F65E /* Project object */ = {
			isa = PBXProject;
			attributes = {
				LastUpgradeCheck = 0620;
				ORGANIZATIONNAME = Josh;
				TargetAttributes = {
					037A0CBE1AB965CB0056F65E = {
						CreatedOnToolsVersion = 6.2;
					};
					037A0CD71AB965CB0056F65E = {
						CreatedOnToolsVersion = 6.2;
						TestTargetID = 037A0CBE1AB965CB0056F65E;
					};
				};
			};
			buildConfigurationList = 037A0CBA1AB965CB0056F65E /* Build configuration list for PBXProject "iWantTo" */;
			compatibilityVersion = "Xcode 3.2";
			developmentRegion = English;
			hasScannedForEncodings = 0;
			knownRegions = (
				en,
				Base,
			);
			mainGroup = 037A0CB61AB965CB0056F65E;
			productRefGroup = 037A0CC01AB965CB0056F65E /* Products */;
			projectDirPath = "";
			projectRoot = "";
			targets = (
				037A0CBE1AB965CB0056F65E /* iWantTo */,
				037A0CD71AB965CB0056F65E /* iWantToTests */,
			);
		};
/* End PBXProject section */

/* Begin PBXResourcesBuildPhase section */
		037A0CBD1AB965CB0056F65E /* Resources */ = {
			isa = PBXResourcesBuildPhase;
			buildActionMask = 2147483647;
			files = (
				037A0CCE1AB965CB0056F65E /* Main.storyboard in Resources */,
				037A0CD31AB965CB0056F65E /* LaunchScreen.xib in Resources */,
				037A0CD01AB965CB0056F65E /* Images.xcassets in Resources */,
			);
			runOnlyForDeploymentPostprocessing = 0;
		};
		037A0CD61AB965CB0056F65E /* Resources */ = {
			isa = PBXResourcesBuildPhase;
			buildActionMask = 2147483647;
			files = (
			);
			runOnlyForDeploymentPostprocessing = 0;
		};
/* End PBXResourcesBuildPhase section */

/* Begin PBXSourcesBuildPhase section */
		037A0CBB1AB965CB0056F65E /* Sources */ = {
			isa = PBXSourcesBuildPhase;
			buildActionMask = 2147483647;
			files = (
				037A0CCB1AB965CB0056F65E /* LoginViewController.m in Sources */,
				037A0CC81AB965CB0056F65E /* AppDelegate.m in Sources */,
				037A0CC51AB965CB0056F65E /* main.m in Sources */,
				03410AE51AB97DDA00BADC4A /* RegisterViewController.m in Sources */,
			);
			runOnlyForDeploymentPostprocessing = 0;
		};
		037A0CD41AB965CB0056F65E /* Sources */ = {
			isa = PBXSourcesBuildPhase;
			buildActionMask = 2147483647;
			files = (
				037A0CDF1AB965CB0056F65E /* iWantToTests.m in Sources */,
			);
			runOnlyForDeploymentPostprocessing = 0;
		};
/* End PBXSourcesBuildPhase section */

/* Begin PBXTargetDependency section */
		037A0CDA1AB965CB0056F65E /* PBXTargetDependency */ = {
			isa = PBXTargetDependency;
			target = 037A0CBE1AB965CB0056F65E /* iWantTo */;
			targetProxy = 037A0CD91AB965CB0056F65E /* PBXContainerItemProxy */;
		};
/* End PBXTargetDependency section */

/* Begin PBXVariantGroup section */
		037A0CCC1AB965CB0056F65E /* Main.storyboard */ = {
			isa = PBXVariantGroup;
			children = (
				037A0CCD1AB965CB0056F65E /* Base */,
			);
			name = Main.storyboard;
			sourceTree = "<group>";
		};
		037A0CD11AB965CB0056F65E /* LaunchScreen.xib */ = {
			isa = PBXVariantGroup;
			children = (
				037A0CD21AB965CB0056F65E /* Base */,
			);
			name = LaunchScreen.xib;
			sourceTree = "<group>";
		};
/* End PBXVariantGroup section */

/* Begin XCBuildConfiguration section */
		037A0CE01AB965CB0056F65E /* Debug */ = {
			isa = XCBuildConfiguration;
			buildSettings = {
				ALWAYS_SEARCH_USER_PATHS = NO;
				CLANG_CXX_LANGUAGE_STANDARD = "gnu++0x";
				CLANG_CXX_LIBRARY = "libc++";
				CLANG_ENABLE_MODULES = YES;
				CLANG_ENABLE_OBJC_ARC = YES;
				CLANG_WARN_BOOL_CONVERSION = YES;
				CLANG_WARN_CONSTANT_CONVERSION = YES;
				CLANG_WARN_DIRECT_OBJC_ISA_USAGE = YES_ERROR;
				CLANG_WARN_EMPTY_BODY = YES;
				CLANG_WARN_ENUM_CONVERSION = YES;
				CLANG_WARN_INT_CONVERSION = YES;
				CLANG_WARN_OBJC_ROOT_CLASS = YES_ERROR;
				CLANG_WARN_UNREACHABLE_CODE = YES;
				CLANG_WARN__DUPLICATE_METHOD_MATCH = YES;
				"CODE_SIGN_IDENTITY[sdk=iphoneos*]" = "iPhone Developer";
				COPY_PHASE_STRIP = NO;
				ENABLE_STRICT_OBJC_MSGSEND = YES;
				GCC_C_LANGUAGE_STANDARD = gnu99;
				GCC_DYNAMIC_NO_PIC = NO;
				GCC_OPTIMIZATION_LEVEL = 0;
				GCC_PREPROCESSOR_DEFINITIONS = (
					"DEBUG=1",
					"$(inherited)",
				);
				GCC_SYMBOLS_PRIVATE_EXTERN = NO;
				GCC_WARN_64_TO_32_BIT_CONVERSION = YES;
				GCC_WARN_ABOUT_RETURN_TYPE = YES_ERROR;
				GCC_WARN_UNDECLARED_SELECTOR = YES;
				GCC_WARN_UNINITIALIZED_AUTOS = YES_AGGRESSIVE;
				GCC_WARN_UNUSED_FUNCTION = YES;
				GCC_WARN_UNUSED_VARIABLE = YES;
				IPHONEOS_DEPLOYMENT_TARGET = 8.2;
				MTL_ENABLE_DEBUG_INFO = YES;
				ONLY_ACTIVE_ARCH = YES;
				SDKROOT = iphoneos;
			};
			name = Debug;
		};
		037A0CE11AB965CB0056F65E /* Release */ = {
			isa = XCBuildConfiguration;
			buildSettings = {
				ALWAYS_SEARCH_USER_PATHS = NO;
				CLANG_CXX_LANGUAGE_STANDARD = "gnu++0x";
				CLANG_CXX_LIBRARY = "libc++";
				CLANG_ENABLE_MODULES = YES;
				CLANG_ENABLE_OBJC_ARC = YES;
				CLANG_WARN_BOOL_CONVERSION = YES;
				CLANG_WARN_CONSTANT_CONVERSION = YES;
				CLANG_WARN_DIRECT_OBJC_ISA_USAGE = YES_ERROR;
				CLANG_WARN_EMPTY_BODY = YES;
				CLANG_WARN_ENUM_CONVERSION = YES;
				CLANG_WARN_INT_CONVERSION = YES;
				CLANG_WARN_OBJC_ROOT_CLASS = YES_ERROR;
				CLANG_WARN_UNREACHABLE_CODE = YES;
				CLANG_WARN__DUPLICATE_METHOD_MATCH = YES;
				"CODE_SIGN_IDENTITY[sdk=iphoneos*]" = "iPhone Developer";
				COPY_PHASE_STRIP = NO;
				ENABLE_NS_ASSERTIONS = NO;
				ENABLE_STRICT_OBJC_MSGSEND = YES;
				GCC_C_LANGUAGE_STANDARD = gnu99;
				GCC_WARN_64_TO_32_BIT_CONVERSION = YES;
				GCC_WARN_ABOUT_RETURN_TYPE = YES_ERROR;
				GCC_WARN_UNDECLARED_SELECTOR = YES;
				GCC_WARN_UNINITIALIZED_AUTOS = YES_AGGRESSIVE;
				GCC_WARN_UNUSED_FUNCTION = YES;
				GCC_WARN_UNUSED_VARIABLE = YES;
				IPHONEOS_DEPLOYMENT_TARGET = 8.2;
				MTL_ENABLE_DEBUG_INFO = NO;
				SDKROOT = iphoneos;
				VALIDATE_PRODUCT = YES;
			};
			name = Release;
		};
		037A0CE31AB965CB0056F65E /* Debug */ = {
			isa = XCBuildConfiguration;
			buildSettings = {
				ASSETCATALOG_COMPILER_APPICON_NAME = AppIcon;
				"CODE_SIGN_IDENTITY[sdk=iphoneos*]" = "iPhone Developer: Chao Liu (47F5WRP52Z)";
				INFOPLIST_FILE = iWantTo/Info.plist;
				LD_RUNPATH_SEARCH_PATHS = "$(inherited) @executable_path/Frameworks";
				PRODUCT_NAME = "$(TARGET_NAME)";
				PROVISIONING_PROFILE = "2071cd71-9925-4ea9-83c7-d21f6632865c";
			};
			name = Debug;
		};
		037A0CE41AB965CB0056F65E /* Release */ = {
			isa = XCBuildConfiguration;
			buildSettings = {
				ASSETCATALOG_COMPILER_APPICON_NAME = AppIcon;
				INFOPLIST_FILE = iWantTo/Info.plist;
				LD_RUNPATH_SEARCH_PATHS = "$(inherited) @executable_path/Frameworks";
				PRODUCT_NAME = "$(TARGET_NAME)";
				PROVISIONING_PROFILE = "2071cd71-9925-4ea9-83c7-d21f6632865c";
			};
			name = Release;
		};
		037A0CE61AB965CB0056F65E /* Debug */ = {
			isa = XCBuildConfiguration;
			buildSettings = {
				BUNDLE_LOADER = "$(TEST_HOST)";
				FRAMEWORK_SEARCH_PATHS = (
					"$(SDKROOT)/Developer/Library/Frameworks",
					"$(inherited)",
				);
				GCC_PREPROCESSOR_DEFINITIONS = (
					"DEBUG=1",
					"$(inherited)",
				);
				INFOPLIST_FILE = iWantToTests/Info.plist;
				LD_RUNPATH_SEARCH_PATHS = "$(inherited) @executable_path/Frameworks @loader_path/Frameworks";
				PRODUCT_NAME = "$(TARGET_NAME)";
				TEST_HOST = "$(BUILT_PRODUCTS_DIR)/iWantTo.app/iWantTo";
			};
			name = Debug;
		};
		037A0CE71AB965CB0056F65E /* Release */ = {
			isa = XCBuildConfiguration;
			buildSettings = {
				BUNDLE_LOADER = "$(TEST_HOST)";
				FRAMEWORK_SEARCH_PATHS = (
					"$(SDKROOT)/Developer/Library/Frameworks",
					"$(inherited)",
				);
				INFOPLIST_FILE = iWantToTests/Info.plist;
				LD_RUNPATH_SEARCH_PATHS = "$(inherited) @executable_path/Frameworks @loader_path/Frameworks";
				PRODUCT_NAME = "$(TARGET_NAME)";
				TEST_HOST = "$(BUILT_PRODUCTS_DIR)/iWantTo.app/iWantTo";
			};
			name = Release;
		};
/* End XCBuildConfiguration section */

/* Begin XCConfigurationList section */
		037A0CBA1AB965CB0056F65E /* Build configuration list for PBXProject "iWantTo" */ = {
			isa = XCConfigurationList;
			buildConfigurations = (
				037A0CE01AB965CB0056F65E /* Debug */,
				037A0CE11AB965CB0056F65E /* Release */,
			);
			defaultConfigurationIsVisible = 0;
			defaultConfigurationName = Release;
		};
		037A0CE21AB965CB0056F65E /* Build configuration list for PBXNativeTarget "iWantTo" */ = {
			isa = XCConfigurationList;
			buildConfigurations = (
				037A0CE31AB965CB0056F65E /* Debug */,
				037A0CE41AB965CB0056F65E /* Release */,
			);
			defaultConfigurationIsVisible = 0;
			defaultConfigurationName = Release;
		};
		037A0CE51AB965CB0056F65E /* Build configuration list for PBXNativeTarget "iWantToTests" */ = {
			isa = XCConfigurationList;
			buildConfigurations = (
				037A0CE61AB965CB0056F65E /* Debug */,
				037A0CE71AB965CB0056F65E /* Release */,
			);
			defaultConfigurationIsVisible = 0;
			defaultConfigurationName = Release;
		};
/* End XCConfigurationList section */
	};
	rootObject = 037A0CB71AB965CB0056F65E /* Project object */;
}
